Microsoft Visual Studio Solution File, Format Version 12.00
# Visual Studio Version 17
VisualStudioVersion = 17.5.2.0
MinimumVisualStudioVersion = 10.0.40219.1
Project("{2150E333-8FDC-42A3-9474-1A3956D46DE8}") = "backend", "backend", "{1AE8ACA6-933B-BF2A-3671-3E2EAC007D16}"
EndProject
Project("{2150E333-8FDC-42A3-9474-1A3956D46DE8}") = "src", "src", "{0F9113EE-888A-26D2-68B0-4A7D0A2A8745}"
EndProject
Project("{FAE04EC0-301F-11D3-BF4B-00C04F79EFBC}") = "Echo.Api", "backend\src\Echo.Api\Echo.Api.csproj", "{8A75207F-3713-AE5C-3D03-D8D7B2ABAD9B}"
EndProject
Project("{FAE04EC0-301F-11D3-BF4B-00C04F79EFBC}") = "Echo.AppHost", "backend\src\Echo.AppHost\Echo.AppHost.csproj", "{445482B9-7770-3E89-7147-250328D807A2}"
EndProject
Project("{FAE04EC0-301F-11D3-BF4B-00C04F79EFBC}") = "Echo.Application", "backend\src\Echo.Application\Echo.Application.csproj", "{337C812D-32B6-1390-2D28-50EF16312B9F}"
EndProject
Project("{FAE04EC0-301F-11D3-BF4B-00C04F79EFBC}") = "Echo.Auth", "backend\src\Echo.Auth\Echo.Auth.csproj", "{5873A5D6-DDD1-49D5-F187-18ACF5C1B4DC}"
EndProject
Project("{FAE04EC0-301F-11D3-BF4B-00C04F79EFBC}") = "Echo.Data", "backend\src\Echo.Data\Echo.Data.csproj", "{A15AC098-6F20-898B-3E8B-A820441B12DD}"
EndProject
Project("{FAE04EC0-301F-11D3-BF4B-00C04F79EFBC}") = "Echo.Domain", "backend\src\Echo.Domain\Echo.Domain.csproj", "{10332851-C5F4-8B6D-0B3F-7859A81602AC}"
EndProject
Project("{FAE04EC0-301F-11D3-BF4B-00C04F79EFBC}") = "Echo.MigrationService", "backend\src\Echo.MigrationService\Echo.MigrationService.csproj", "{900A0911-4267-8664-727E-ADB4EE82E98E}"
EndProject
Project("{FAE04EC0-301F-11D3-BF4B-00C04F79EFBC}") = "Echo.ServiceDefaults", "backend\src\Echo.ServiceDefaults\Echo.ServiceDefaults.csproj", "{5239263A-59CC-60F0-B720-E022B0230655}"
EndProject
Project("{FAE04EC0-301F-11D3-BF4B-00C04F79EFBC}") = "Echo.Shared", "backend\src\Echo.Shared\Echo.Shared.csproj", "{53C7D987-CF60-A1C0-4C70-164F5CED40A2}"
EndProject
Project("{2150E333-8FDC-42A3-9474-1A3956D46DE8}") = "tests", "tests", "{F57642F3-C37C-D174-720E-6A6AAD5BEE22}"
EndProject
Project("{FAE04EC0-301F-11D3-BF4B-00C04F79EFBC}") = "Echo.Api.Tests", "backend\tests\Echo.Api.Tests\Echo.Api.Tests.csproj", "{2DE82ABF-A044-6047-1BE1-D086BCEE8AC3}"
EndProject
Project("{FAE04EC0-301F-11D3-BF4B-00C04F79EFBC}") = "Echo.Application.Tests", "backend\tests\Echo.Application.Tests\Echo.Application.Tests.csproj", "{0DEF9B9F-2641-5972-1554-66AF6088A2F3}"
EndProject
Project("{FAE04EC0-301F-11D3-BF4B-00C04F79EFBC}") = "Echo.Auth.Tests", "backend\tests\Echo.Auth.Tests\Echo.Auth.Tests.csproj", "{5AC881C5-F452-594B-93E7-87D391926805}"
EndProject
Project("{FAE04EC0-301F-11D3-BF4B-00C04F79EFBC}") = "Echo.IntegrationTests", "backend\tests\Echo.IntegrationTests\Echo.IntegrationTests.csproj", "{C2E7712F-9540-C98F-B606-4FFFFD28435F}"
EndProject
Project("{FAE04EC0-301F-11D3-BF4B-00C04F79EFBC}") = "Echo.Shared.Tests", "backend\tests\Echo.Shared.Tests\Echo.Shared.Tests.csproj", "{3F72C667-CA95-15E7-CC50-1AD7E1C43DCF}"
EndProject
Global
	GlobalSection(SolutionConfigurationPlatforms) = preSolution
		Debug|Any CPU = Debug|Any CPU
		Release|Any CPU = Release|Any CPU
	EndGlobalSection
	GlobalSection(ProjectConfigurationPlatforms) = postSolution
		{8A75207F-3713-AE5C-3D03-D8D7B2ABAD9B}.Debug|Any CPU.ActiveCfg = Debug|Any CPU
		{8A75207F-3713-AE5C-3D03-D8D7B2ABAD9B}.Debug|Any CPU.Build.0 = Debug|Any CPU
		{8A75207F-3713-AE5C-3D03-D8D7B2ABAD9B}.Release|Any CPU.ActiveCfg = Release|Any CPU
		{8A75207F-3713-AE5C-3D03-D8D7B2ABAD9B}.Release|Any CPU.Build.0 = Release|Any CPU
		{445482B9-7770-3E89-7147-250328D807A2}.Debug|Any CPU.ActiveCfg = Debug|Any CPU
		{445482B9-7770-3E89-7147-250328D807A2}.Debug|Any CPU.Build.0 = Debug|Any CPU
		{445482B9-7770-3E89-7147-250328D807A2}.Release|Any CPU.ActiveCfg = Release|Any CPU
		{445482B9-7770-3E89-7147-250328D807A2}.Release|Any CPU.Build.0 = Release|Any CPU
		{337C812D-32B6-1390-2D28-50EF16312B9F}.Debug|Any CPU.ActiveCfg = Debug|Any CPU
		{337C812D-32B6-1390-2D28-50EF16312B9F}.Debug|Any CPU.Build.0 = Debug|Any CPU
		{337C812D-32B6-1390-2D28-50EF16312B9F}.Release|Any CPU.ActiveCfg = Release|Any CPU
		{337C812D-32B6-1390-2D28-50EF16312B9F}.Release|Any CPU.Build.0 = Release|Any CPU
		{5873A5D6-DDD1-49D5-F187-18ACF5C1B4DC}.Debug|Any CPU.ActiveCfg = Debug|Any CPU
		{5873A5D6-DDD1-49D5-F187-18ACF5C1B4DC}.Debug|Any CPU.Build.0 = Debug|Any CPU
		{5873A5D6-DDD1-49D5-F187-18ACF5C1B4DC}.Release|Any CPU.ActiveCfg = Release|Any CPU
		{5873A5D6-DDD1-49D5-F187-18ACF5C1B4DC}.Release|Any CPU.Build.0 = Release|Any CPU
		{A15AC098-6F20-898B-3E8B-A820441B12DD}.Debug|Any CPU.ActiveCfg = Debug|Any CPU
		{A15AC098-6F20-898B-3E8B-A820441B12DD}.Debug|Any CPU.Build.0 = Debug|Any CPU
		{A15AC098-6F20-898B-3E8B-A820441B12DD}.Release|Any CPU.ActiveCfg = Release|Any CPU
		{A15AC098-6F20-898B-3E8B-A820441B12DD}.Release|Any CPU.Build.0 = Release|Any CPU
		{10332851-C5F4-8B6D-0B3F-7859A81602AC}.Debug|Any CPU.ActiveCfg = Debug|Any CPU
		{10332851-C5F4-8B6D-0B3F-7859A81602AC}.Debug|Any CPU.Build.0 = Debug|Any CPU
		{10332851-C5F4-8B6D-0B3F-7859A81602AC}.Release|Any CPU.ActiveCfg = Release|Any CPU
		{10332851-C5F4-8B6D-0B3F-7859A81602AC}.Release|Any CPU.Build.0 = Release|Any CPU
		{900A0911-4267-8664-727E-ADB4EE82E98E}.Debug|Any CPU.ActiveCfg = Debug|Any CPU
		{900A0911-4267-8664-727E-ADB4EE82E98E}.Debug|Any CPU.Build.0 = Debug|Any CPU
		{900A0911-4267-8664-727E-ADB4EE82E98E}.Release|Any CPU.ActiveCfg = Release|Any CPU
		{900A0911-4267-8664-727E-ADB4EE82E98E}.Release|Any CPU.Build.0 = Release|Any CPU
		{5239263A-59CC-60F0-B720-E022B0230655}.Debug|Any CPU.ActiveCfg = Debug|Any CPU
		{5239263A-59CC-60F0-B720-E022B0230655}.Debug|Any CPU.Build.0 = Debug|Any CPU
		{5239263A-59CC-60F0-B720-E022B0230655}.Release|Any CPU.ActiveCfg = Release|Any CPU
		{5239263A-59CC-60F0-B720-E022B0230655}.Release|Any CPU.Build.0 = Release|Any CPU
		{53C7D987-CF60-A1C0-4C70-164F5CED40A2}.Debug|Any CPU.ActiveCfg = Debug|Any CPU
		{53C7D987-CF60-A1C0-4C70-164F5CED40A2}.Debug|Any CPU.Build.0 = Debug|Any CPU
		{53C7D987-CF60-A1C0-4C70-164F5CED40A2}.Release|Any CPU.ActiveCfg = Release|Any CPU
		{53C7D987-CF60-A1C0-4C70-164F5CED40A2}.Release|Any CPU.Build.0 = Release|Any CPU
		{2DE82ABF-A044-6047-1BE1-D086BCEE8AC3}.Debug|Any CPU.ActiveCfg = Debug|Any CPU
		{2DE82ABF-A044-6047-1BE1-D086BCEE8AC3}.Debug|Any CPU.Build.0 = Debug|Any CPU
		{2DE82ABF-A044-6047-1BE1-D086BCEE8AC3}.Release|Any CPU.ActiveCfg = Release|Any CPU
		{2DE82ABF-A044-6047-1BE1-D086BCEE8AC3}.Release|Any CPU.Build.0 = Release|Any CPU
		{0DEF9B9F-2641-5972-1554-66AF6088A2F3}.Debug|Any CPU.ActiveCfg = Debug|Any CPU
		{0DEF9B9F-2641-5972-1554-66AF6088A2F3}.Debug|Any CPU.Build.0 = Debug|Any CPU
		{0DEF9B9F-2641-5972-1554-66AF6088A2F3}.Release|Any CPU.ActiveCfg = Release|Any CPU
		{0DEF9B9F-2641-5972-1554-66AF6088A2F3}.Release|Any CPU.Build.0 = Release|Any CPU
		{5AC881C5-F452-594B-93E7-87D391926805}.Debug|Any CPU.ActiveCfg = Debug|Any CPU
		{5AC881C5-F452-594B-93E7-87D391926805}.Debug|Any CPU.Build.0 = Debug|Any CPU
		{5AC881C5-F452-594B-93E7-87D391926805}.Release|Any CPU.ActiveCfg = Release|Any CPU
		{5AC881C5-F452-594B-93E7-87D391926805}.Release|Any CPU.Build.0 = Release|Any CPU
		{C2E7712F-9540-C98F-B606-4FFFFD28435F}.Debug|Any CPU.ActiveCfg = Debug|Any CPU
		{C2E7712F-9540-C98F-B606-4FFFFD28435F}.Debug|Any CPU.Build.0 = Debug|Any CPU
		{C2E7712F-9540-C98F-B606-4FFFFD28435F}.Release|Any CPU.ActiveCfg = Release|Any CPU
		{C2E7712F-9540-C98F-B606-4FFFFD28435F}.Release|Any CPU.Build.0 = Release|Any CPU
		{3F72C667-CA95-15E7-CC50-1AD7E1C43DCF}.Debug|Any CPU.ActiveCfg = Debug|Any CPU
		{3F72C667-CA95-15E7-CC50-1AD7E1C43DCF}.Debug|Any CPU.Build.0 = Debug|Any CPU
		{3F72C667-CA95-15E7-CC50-1AD7E1C43DCF}.Release|Any CPU.ActiveCfg = Release|Any CPU
		{3F72C667-CA95-15E7-CC50-1AD7E1C43DCF}.Release|Any CPU.Build.0 = Release|Any CPU
	EndGlobalSection
	GlobalSection(SolutionProperties) = preSolution
		HideSolutionNode = FALSE
	EndGlobalSection
	GlobalSection(NestedProjects) = preSolution
		{0F9113EE-888A-26D2-68B0-4A7D0A2A8745} = {1AE8ACA6-933B-BF2A-3671-3E2EAC007D16}
		{8A75207F-3713-AE5C-3D03-D8D7B2ABAD9B} = {0F9113EE-888A-26D2-68B0-4A7D0A2A8745}
		{445482B9-7770-3E89-7147-250328D807A2} = {0F9113EE-888A-26D2-68B0-4A7D0A2A8745}
		{337C812D-32B6-1390-2D28-50EF16312B9F} = {0F9113EE-888A-26D2-68B0-4A7D0A2A8745}
		{5873A5D6-DDD1-49D5-F187-18ACF5C1B4DC} = {0F9113EE-888A-26D2-68B0-4A7D0A2A8745}
		{A15AC098-6F20-898B-3E8B-A820441B12DD} = {0F9113EE-888A-26D2-68B0-4A7D0A2A8745}
		{10332851-C5F4-8B6D-0B3F-7859A81602AC} = {0F9113EE-888A-26D2-68B0-4A7D0A2A8745}
		{900A0911-4267-8664-727E-ADB4EE82E98E} = {0F9113EE-888A-26D2-68B0-4A7D0A2A8745}
		{5239263A-59CC-60F0-B720-E022B0230655} = {0F9113EE-888A-26D2-68B0-4A7D0A2A8745}
		{53C7D987-CF60-A1C0-4C70-164F5CED40A2} = {0F9113EE-888A-26D2-68B0-4A7D0A2A8745}
		{F57642F3-C37C-D174-720E-6A6AAD5BEE22} = {1AE8ACA6-933B-BF2A-3671-3E2EAC007D16}
		{2DE82ABF-A044-6047-1BE1-D086BCEE8AC3} = {F57642F3-C37C-D174-720E-6A6AAD5BEE22}
		{0DEF9B9F-2641-5972-1554-66AF6088A2F3} = {F57642F3-C37C-D174-720E-6A6AAD5BEE22}
		{5AC881C5-F452-594B-93E7-87D391926805} = {F57642F3-C37C-D174-720E-6A6AAD5BEE22}
		{C2E7712F-9540-C98F-B606-4FFFFD28435F} = {F57642F3-C37C-D174-720E-6A6AAD5BEE22}
		{3F72C667-CA95-15E7-CC50-1AD7E1C43DCF} = {F57642F3-C37C-D174-720E-6A6AAD5BEE22}
	EndGlobalSection
	GlobalSection(ExtensibilityGlobals) = postSolution
		SolutionGuid = {CADA2537-E882-4B5C-8D31-1E21ED226B78}
	EndGlobalSection
EndGlobal
